
Microsoft Visual Studio Solution File, Format Version 12.00
# Visual Studio Version 17
VisualStudioVersion = 17.14.36518.9
MinimumVisualStudioVersion = 10.0.40219.1
Project("{FAE04EC0-301F-11D3-BF4B-00C04F79EFBC}") = "demo.data", "demo.data\demo.data.csproj", "{A8AB5EDE-49FC-43C3-861C-FA02DE78BFAA}"
EndProject
Project("{FAE04EC0-301F-11D3-BF4B-00C04F79EFBC}") = "IntegrationTesting", "IntegrationTesting\IntegrationTesting.csproj", "{87933A08-55A5-452A-80C0-78388D56DB6C}"
EndProject
Global
	GlobalSection(SolutionConfigurationPlatforms) = preSolution
		Debug|Any CPU = Debug|Any CPU
		Release|Any CPU = Release|Any CPU
	EndGlobalSection
	GlobalSection(ProjectConfigurationPlatforms) = postSolution
		{A8AB5EDE-49FC-43C3-861C-FA02DE78BFAA}.Debug|Any CPU.ActiveCfg = Debug|Any CPU
		{A8AB5EDE-49FC-43C3-861C-FA02DE78BFAA}.Debug|Any CPU.Build.0 = Debug|Any CPU
		{A8AB5EDE-49FC-43C3-861C-FA02DE78BFAA}.Release|Any CPU.ActiveCfg = Release|Any CPU
		{A8AB5EDE-49FC-43C3-861C-FA02DE78BFAA}.Release|Any CPU.Build.0 = Release|Any CPU
		{87933A08-55A5-452A-80C0-78388D56DB6C}.Debug|Any CPU.ActiveCfg = Debug|Any CPU
		{87933A08-55A5-452A-80C0-78388D56DB6C}.Debug|Any CPU.Build.0 = Debug|Any CPU
		{87933A08-55A5-452A-80C0-78388D56DB6C}.Release|Any CPU.ActiveCfg = Release|Any CPU
		{87933A08-55A5-452A-80C0-78388D56DB6C}.Release|Any CPU.Build.0 = Release|Any CPU
	EndGlobalSection
	GlobalSection(SolutionProperties) = preSolution
		HideSolutionNode = FALSE
	EndGlobalSection
	GlobalSection(ExtensibilityGlobals) = postSolution
		SolutionGuid = {25710D33-8745-4490-9346-1F25689F4D6E}
	EndGlobalSection
EndGlobal
